
Microsoft Visual Studio Solution File, Format Version 12.00
# Visual Studio Version 16
VisualStudioVersion = 16.0.30523.141
MinimumVisualStudioVersion = 10.0.40219.1
Project("{FAE04EC0-301F-11D3-BF4B-00C04F79EFBC}") = "homework_4_bogatiy", "homework_4_bogatiy\homework_4_bogatiy.csproj", "{BB7A41FA-88CD-49CA-B4CB-9B1350681A5C}"
EndProject
Project("{FAE04EC0-301F-11D3-BF4B-00C04F79EFBC}") = "Homework_4_bogatiy_2_part", "Homework_4_bogatiy_2_part\Homework_4_bogatiy_2_part.csproj", "{169A515B-5062-46BB-AA22-0BFCEAAC96D2}"
EndProject
Global
	GlobalSection(SolutionConfigurationPlatforms) = preSolution
		Debug|Any CPU = Debug|Any CPU
		Release|Any CPU = Release|Any CPU
	EndGlobalSection
	GlobalSection(ProjectConfigurationPlatforms) = postSolution
		{BB7A41FA-88CD-49CA-B4CB-9B1350681A5C}.Debug|Any CPU.ActiveCfg = Debug|Any CPU
		{BB7A41FA-88CD-49CA-B4CB-9B1350681A5C}.Debug|Any CPU.Build.0 = Debug|Any CPU
		{BB7A41FA-88CD-49CA-B4CB-9B1350681A5C}.Release|Any CPU.ActiveCfg = Release|Any CPU
		{BB7A41FA-88CD-49CA-B4CB-9B1350681A5C}.Release|Any CPU.Build.0 = Release|Any CPU
		{169A515B-5062-46BB-AA22-0BFCEAAC96D2}.Debug|Any CPU.ActiveCfg = Debug|Any CPU
		{169A515B-5062-46BB-AA22-0BFCEAAC96D2}.Debug|Any CPU.Build.0 = Debug|Any CPU
		{169A515B-5062-46BB-AA22-0BFCEAAC96D2}.Release|Any CPU.ActiveCfg = Release|Any CPU
		{169A515B-5062-46BB-AA22-0BFCEAAC96D2}.Release|Any CPU.Build.0 = Release|Any CPU
	EndGlobalSection
	GlobalSection(SolutionProperties) = preSolution
		HideSolutionNode = FALSE
	EndGlobalSection
	GlobalSection(ExtensibilityGlobals) = postSolution
		SolutionGuid = {8DC1BC8B-5CF8-455B-902D-00BD2140D93E}
	EndGlobalSection
EndGlobal
